
Microsoft Visual Studio Solution File, Format Version 12.00
# Visual Studio Version 17
VisualStudioVersion = 17.5.33502.453
MinimumVisualStudioVersion = 10.0.40219.1
Project("{FAE04EC0-301F-11D3-BF4B-00C04F79EFBC}") = "AndonMonitoring", "AndonMonitoring\AndonMonitoring.csproj", "{58A2174D-C5E1-45A8-B5EB-D018750F12F9}"
EndProject
Global
	GlobalSection(SolutionConfigurationPlatforms) = preSolution
		Debug|Any CPU = Debug|Any CPU
		Release|Any CPU = Release|Any CPU
	EndGlobalSection
	GlobalSection(ProjectConfigurationPlatforms) = postSolution
		{58A2174D-C5E1-45A8-B5EB-D018750F12F9}.Debug|Any CPU.ActiveCfg = Debug|Any CPU
		{58A2174D-C5E1-45A8-B5EB-D018750F12F9}.Debug|Any CPU.Build.0 = Debug|Any CPU
		{58A2174D-C5E1-45A8-B5EB-D018750F12F9}.Release|Any CPU.ActiveCfg = Release|Any CPU
		{58A2174D-C5E1-45A8-B5EB-D018750F12F9}.Release|Any CPU.Build.0 = Release|Any CPU
	EndGlobalSection
	GlobalSection(SolutionProperties) = preSolution
		HideSolutionNode = FALSE
	EndGlobalSection
	GlobalSection(ExtensibilityGlobals) = postSolution
		SolutionGuid = {5455F71A-08D4-4A7A-89BF-5F13A7B0F206}
	EndGlobalSection
EndGlobal
